
Microsoft Visual Studio Solution File, Format Version 12.00
# Visual Studio Version 17
VisualStudioVersion = 17.7.34031.279
MinimumVisualStudioVersion = 10.0.40219.1
Project("{FAE04EC0-301F-11D3-BF4B-00C04F79EFBC}") = "SurveySystem", "SurveySystem\SurveySystem.csproj", "{89E7ADDA-45B8-411E-BBE5-90797756A4E2}"
EndProject
Project("{FAE04EC0-301F-11D3-BF4B-00C04F79EFBC}") = "BotConsole", "BotConsole\BotConsole.csproj", "{EB72FA88-4BD0-42D4-BD7D-6EE6A2F9B5EC}"
EndProject
Global
	GlobalSection(SolutionConfigurationPlatforms) = preSolution
		Debug|Any CPU = Debug|Any CPU
		Release|Any CPU = Release|Any CPU
	EndGlobalSection
	GlobalSection(ProjectConfigurationPlatforms) = postSolution
		{89E7ADDA-45B8-411E-BBE5-90797756A4E2}.Debug|Any CPU.ActiveCfg = Debug|Any CPU
		{89E7ADDA-45B8-411E-BBE5-90797756A4E2}.Debug|Any CPU.Build.0 = Debug|Any CPU
		{89E7ADDA-45B8-411E-BBE5-90797756A4E2}.Release|Any CPU.ActiveCfg = Release|Any CPU
		{89E7ADDA-45B8-411E-BBE5-90797756A4E2}.Release|Any CPU.Build.0 = Release|Any CPU
		{EB72FA88-4BD0-42D4-BD7D-6EE6A2F9B5EC}.Debug|Any CPU.ActiveCfg = Debug|Any CPU
		{EB72FA88-4BD0-42D4-BD7D-6EE6A2F9B5EC}.Debug|Any CPU.Build.0 = Debug|Any CPU
		{EB72FA88-4BD0-42D4-BD7D-6EE6A2F9B5EC}.Release|Any CPU.ActiveCfg = Release|Any CPU
		{EB72FA88-4BD0-42D4-BD7D-6EE6A2F9B5EC}.Release|Any CPU.Build.0 = Release|Any CPU
	EndGlobalSection
	GlobalSection(SolutionProperties) = preSolution
		HideSolutionNode = FALSE
	EndGlobalSection
	GlobalSection(ExtensibilityGlobals) = postSolution
		SolutionGuid = {1515E9BB-C63F-47DF-8327-A0CD27F3EEF0}
	EndGlobalSection
EndGlobal
